
Microsoft Visual Studio Solution File, Format Version 12.00
# Visual Studio Version 17
VisualStudioVersion = 17.7.34018.315
MinimumVisualStudioVersion = 10.0.40219.1
Project("{9A19103F-16F7-4668-BE54-9A1E7A4F7556}") = "VShop.ProductApi", "Backend\VShop.ProductApi\VShop.ProductApi.csproj", "{8346F2A6-E4D1-4AE9-B5B2-F7A32D4DDE75}"
EndProject
Project("{9A19103F-16F7-4668-BE54-9A1E7A4F7556}") = "VShop.Web", "Frontend\VShop.Web\VShop.Web.csproj", "{1557FC73-F32E-4E52-8141-8EC638BB30DC}"
	ProjectSection(ProjectDependencies) = postProject
		{8346F2A6-E4D1-4AE9-B5B2-F7A32D4DDE75} = {8346F2A6-E4D1-4AE9-B5B2-F7A32D4DDE75}
	EndProjectSection
EndProject
Project("{2150E333-8FDC-42A3-9474-1A3956D46DE8}") = "Frontend", "Frontend", "{38F1CA9F-F877-43E3-8053-A100ED580C13}"
EndProject
Project("{2150E333-8FDC-42A3-9474-1A3956D46DE8}") = "Backend", "Backend", "{193FAB31-92D6-41F3-BFC5-9936B4353396}"
EndProject
Project("{2150E333-8FDC-42A3-9474-1A3956D46DE8}") = "VShop.IdentityServer", "VShop.IdentityServer", "{F215F854-17F3-48A5-BE29-3AD3C5672C23}"
EndProject
Project("{FAE04EC0-301F-11D3-BF4B-00C04F79EFBC}") = "VShop.IdentityServer", "Backend\VShop.IdentityServer\VShop.IdentityServer.csproj", "{592D0032-AC19-4196-96E9-02BAD7B54386}"
EndProject
Global
	GlobalSection(SolutionConfigurationPlatforms) = preSolution
		Debug|Any CPU = Debug|Any CPU
		Release|Any CPU = Release|Any CPU
	EndGlobalSection
	GlobalSection(ProjectConfigurationPlatforms) = postSolution
		{8346F2A6-E4D1-4AE9-B5B2-F7A32D4DDE75}.Debug|Any CPU.ActiveCfg = Debug|Any CPU
		{8346F2A6-E4D1-4AE9-B5B2-F7A32D4DDE75}.Debug|Any CPU.Build.0 = Debug|Any CPU
		{8346F2A6-E4D1-4AE9-B5B2-F7A32D4DDE75}.Release|Any CPU.ActiveCfg = Release|Any CPU
		{8346F2A6-E4D1-4AE9-B5B2-F7A32D4DDE75}.Release|Any CPU.Build.0 = Release|Any CPU
		{1557FC73-F32E-4E52-8141-8EC638BB30DC}.Debug|Any CPU.ActiveCfg = Debug|Any CPU
		{1557FC73-F32E-4E52-8141-8EC638BB30DC}.Debug|Any CPU.Build.0 = Debug|Any CPU
		{1557FC73-F32E-4E52-8141-8EC638BB30DC}.Release|Any CPU.ActiveCfg = Release|Any CPU
		{1557FC73-F32E-4E52-8141-8EC638BB30DC}.Release|Any CPU.Build.0 = Release|Any CPU
		{592D0032-AC19-4196-96E9-02BAD7B54386}.Debug|Any CPU.ActiveCfg = Debug|Any CPU
		{592D0032-AC19-4196-96E9-02BAD7B54386}.Debug|Any CPU.Build.0 = Debug|Any CPU
		{592D0032-AC19-4196-96E9-02BAD7B54386}.Release|Any CPU.ActiveCfg = Release|Any CPU
		{592D0032-AC19-4196-96E9-02BAD7B54386}.Release|Any CPU.Build.0 = Release|Any CPU
	EndGlobalSection
	GlobalSection(SolutionProperties) = preSolution
		HideSolutionNode = FALSE
	EndGlobalSection
	GlobalSection(NestedProjects) = preSolution
		{8346F2A6-E4D1-4AE9-B5B2-F7A32D4DDE75} = {193FAB31-92D6-41F3-BFC5-9936B4353396}
		{1557FC73-F32E-4E52-8141-8EC638BB30DC} = {38F1CA9F-F877-43E3-8053-A100ED580C13}
		{F215F854-17F3-48A5-BE29-3AD3C5672C23} = {193FAB31-92D6-41F3-BFC5-9936B4353396}
		{592D0032-AC19-4196-96E9-02BAD7B54386} = {F215F854-17F3-48A5-BE29-3AD3C5672C23}
	EndGlobalSection
	GlobalSection(ExtensibilityGlobals) = postSolution
		SolutionGuid = {2FAACC53-04DA-44FD-B95D-064C5E805476}
	EndGlobalSection
EndGlobal
